Microsoft Visual Studio Solution File, Format Version 11.00
# Visual Studio 2008

Project("{D8A94B59-29E0-F43B-25CC-8F751FAB2EA8}") = "Fantasy Of Evils", "Assembly-CSharp-vs.csproj", "{BBA138EB-0930-5F9A-92A7-1A7217A29E2D}"
EndProject
Global
	GlobalSection(SolutionConfigurationPlatforms) = preSolution
		Debug|Any CPU = Debug|Any CPU
		Release|Any CPU = Release|Any CPU
	EndGlobalSection
	GlobalSection(ProjectConfigurationPlatforms) = postSolution
		{BBA138EB-0930-5F9A-92A7-1A7217A29E2D}.Debug|Any CPU.ActiveCfg = Debug|Any CPU
		{BBA138EB-0930-5F9A-92A7-1A7217A29E2D}.Debug|Any CPU.Build.0 = Debug|Any CPU
		{BBA138EB-0930-5F9A-92A7-1A7217A29E2D}.Release|Any CPU.ActiveCfg = Release|Any CPU
		{BBA138EB-0930-5F9A-92A7-1A7217A29E2D}.Release|Any CPU.Build.0 = Release|Any CPU
	EndGlobalSection
	GlobalSection(SolutionProperties) = preSolution
		HideSolutionNode = FALSE
	EndGlobalSection
			GlobalSection(MonoDevelopProperties) = preSolution
		StartupItem = Assembly-CSharp.csproj
		Policies = $0
		$0.TextStylePolicy = $1
		$1.inheritsSet = null
		$1.scope = text/x-csharp
		$0.CSharpFormattingPolicy = $2
		$2.inheritsSet = Mono
		$2.inheritsScope = text/x-csharp
		$2.scope = text/x-csharp
		$0.TextStylePolicy = $3
		$3.FileWidth = 120
		$3.TabWidth = 4
		$3.IndentWidth = 4
		$3.EolMarker = Unix
		$3.inheritsSet = Mono
		$3.inheritsScope = text/plain
		$3.scope = text/plain
	EndGlobalSection

EndGlobal
